<?xml version="1.0" encoding="utf-8"?>
<Project ToolsVersion="4.0" xmlns="http://schemas.microsoft.com/developer/msbuild/2003">
  <ItemGroup>
    <ClCompile Include="..\..\..\source\Polytope.cpp">
      <Filter>dataset</Filter>
    </ClCompile>
    <ClCompile Include="..\..\..\source\MeshBuilder.cpp">
      <Filter>tools</Filter>
    </ClCompile>
    <ClCompile Include="..\..\..\source\PolytopeAlgos.cpp">
      <Filter>tools</Filter>
    </ClCompile>
    <ClCompile Include="..\..\..\source\TopoPolyAdapter.cpp">
      <Filter>tools</Filter>
    </ClCompile>
  </ItemGroup>
  <ItemGroup>
    <ClInclude Include="..\..\..\include\polymesh3\Polytope.h">
      <Filter>dataset</Filter>
    </ClInclude>
    <ClInclude Include="..\..\..\include\polymesh3\MeshBuilder.h">
      <Filter>tools</Filter>
    </ClInclude>
    <ClInclude Include="..\..\..\include\polymesh3\PolytopeAlgos.h">
      <Filter>tools</Filter>
    </ClInclude>
    <ClInclude Include="..\..\..\include\polymesh3\TopoPolyAdapter.h">
      <Filter>tools</Filter>
    </ClInclude>
    <ClInclude Include="..\..\..\include\polymesh3\TexCoord.h">
      <Filter>dataset</Filter>
    </ClInclude>
  </ItemGroup>
  <ItemGroup>
    <Filter Include="dataset">
      <UniqueIdentifier>{8b68cf00-5d3f-49cd-b1ef-71eb0b408273}</UniqueIdentifier>
    </Filter>
    <Filter Include="tools">
      <UniqueIdentifier>{473de89b-9d71-46f3-84a7-2bdf93470903}</UniqueIdentifier>
    </Filter>
  </ItemGroup>
</Project>